
Microsoft Visual Studio Solution File, Format Version 12.00
# Visual Studio Version 17
VisualStudioVersion = 17.0.31912.275
MinimumVisualStudioVersion = 10.0.40219.1
Project("{9A19103F-16F7-4668-BE54-9A1E7A4F7556}") = "SharkE.Chip8", "SharkE.Chip8\SharkE.Chip8.csproj", "{D9637389-5673-4AFF-9768-FB67DEE3A307}"
EndProject
Project("{9A19103F-16F7-4668-BE54-9A1E7A4F7556}") = "SharkE.Chip8.MonoGame", "SharkE.Chip8.MonoGame\SharkE.Chip8.MonoGame.csproj", "{4B8F62A3-D8D8-48F6-9252-54D09D2D56BB}"
EndProject
Project("{9A19103F-16F7-4668-BE54-9A1E7A4F7556}") = "SharkE.Chip8.Tests", "SharkE.Chip8.Tests\SharkE.Chip8.Tests.csproj", "{224F5352-9D47-49C7-B523-6AA2BFAA4715}"
EndProject
Project("{9A19103F-16F7-4668-BE54-9A1E7A4F7556}") = "SharkE.Chip8.Sdl2", "SharkE.Chip8.Sdl2\SharkE.Chip8.Sdl2.csproj", "{10BE2B5D-3A5E-4298-92FA-1F6319F704AB}"
EndProject
Project("{2150E333-8FDC-42A3-9474-1A3956D46DE8}") = "ExtLibs", "ExtLibs", "{99FFFCF6-4E14-444A-80FB-B1D394D778AE}"
EndProject
Project("{FAE04EC0-301F-11D3-BF4B-00C04F79EFBC}") = "SDL2-CS", "SDL2-CS\SDL2-CS.csproj", "{0B56A142-1B21-44ED-A8C8-F2D0EBC3994A}"
EndProject
Global
	GlobalSection(SolutionConfigurationPlatforms) = preSolution
		Debug|Any CPU = Debug|Any CPU
		Release|Any CPU = Release|Any CPU
	EndGlobalSection
	GlobalSection(ProjectConfigurationPlatforms) = postSolution
		{D9637389-5673-4AFF-9768-FB67DEE3A307}.Debug|Any CPU.ActiveCfg = Debug|Any CPU
		{D9637389-5673-4AFF-9768-FB67DEE3A307}.Debug|Any CPU.Build.0 = Debug|Any CPU
		{D9637389-5673-4AFF-9768-FB67DEE3A307}.Release|Any CPU.ActiveCfg = Release|Any CPU
		{D9637389-5673-4AFF-9768-FB67DEE3A307}.Release|Any CPU.Build.0 = Release|Any CPU
		{4B8F62A3-D8D8-48F6-9252-54D09D2D56BB}.Debug|Any CPU.ActiveCfg = Debug|Any CPU
		{4B8F62A3-D8D8-48F6-9252-54D09D2D56BB}.Debug|Any CPU.Build.0 = Debug|Any CPU
		{4B8F62A3-D8D8-48F6-9252-54D09D2D56BB}.Release|Any CPU.ActiveCfg = Release|Any CPU
		{4B8F62A3-D8D8-48F6-9252-54D09D2D56BB}.Release|Any CPU.Build.0 = Release|Any CPU
		{224F5352-9D47-49C7-B523-6AA2BFAA4715}.Debug|Any CPU.ActiveCfg = Debug|Any CPU
		{224F5352-9D47-49C7-B523-6AA2BFAA4715}.Debug|Any CPU.Build.0 = Debug|Any CPU
		{224F5352-9D47-49C7-B523-6AA2BFAA4715}.Release|Any CPU.ActiveCfg = Release|Any CPU
		{224F5352-9D47-49C7-B523-6AA2BFAA4715}.Release|Any CPU.Build.0 = Release|Any CPU
		{10BE2B5D-3A5E-4298-92FA-1F6319F704AB}.Debug|Any CPU.ActiveCfg = Debug|Any CPU
		{10BE2B5D-3A5E-4298-92FA-1F6319F704AB}.Debug|Any CPU.Build.0 = Debug|Any CPU
		{10BE2B5D-3A5E-4298-92FA-1F6319F704AB}.Release|Any CPU.ActiveCfg = Release|Any CPU
		{10BE2B5D-3A5E-4298-92FA-1F6319F704AB}.Release|Any CPU.Build.0 = Release|Any CPU
		{0B56A142-1B21-44ED-A8C8-F2D0EBC3994A}.Debug|Any CPU.ActiveCfg = Debug|Any CPU
		{0B56A142-1B21-44ED-A8C8-F2D0EBC3994A}.Debug|Any CPU.Build.0 = Debug|Any CPU
		{0B56A142-1B21-44ED-A8C8-F2D0EBC3994A}.Release|Any CPU.ActiveCfg = Release|Any CPU
		{0B56A142-1B21-44ED-A8C8-F2D0EBC3994A}.Release|Any CPU.Build.0 = Release|Any CPU
	EndGlobalSection
	GlobalSection(SolutionProperties) = preSolution
		HideSolutionNode = FALSE
	EndGlobalSection
	GlobalSection(NestedProjects) = preSolution
		{0B56A142-1B21-44ED-A8C8-F2D0EBC3994A} = {99FFFCF6-4E14-444A-80FB-B1D394D778AE}
	EndGlobalSection
	GlobalSection(ExtensibilityGlobals) = postSolution
		SolutionGuid = {1F194E0D-650E-41D5-9870-8C2E087DF239}
	EndGlobalSection
EndGlobal
